
Microsoft Visual Studio Solution File, Format Version 12.00
# Visual Studio Version 16
VisualStudioVersion = 16.0.29418.71
MinimumVisualStudioVersion = 10.0.40219.1
Project("{9A19103F-16F7-4668-BE54-9A1E7A4F7556}") = "VideoGameShop.UI", "VideoGameShop.UI\VideoGameShop.UI.csproj", "{3B7B66F3-44E2-4459-8755-52671BBE6638}"
EndProject
Project("{9A19103F-16F7-4668-BE54-9A1E7A4F7556}") = "Shop.Application", "Shop.Application\Shop.Application.csproj", "{1D8013FE-B616-4CD8-954A-7FB2B3E2AC5F}"
EndProject
Project("{9A19103F-16F7-4668-BE54-9A1E7A4F7556}") = "Shop.Database", "Shop.Database\Shop.Database.csproj", "{1D7B799E-BFEE-45B1-9F50-B6560967EAFC}"
EndProject
Project("{9A19103F-16F7-4668-BE54-9A1E7A4F7556}") = "Shop.Domain", "Shop.Domain\Shop.Domain.csproj", "{14D182F4-174D-4855-A475-85120CA9B8F8}"
EndProject
Global
	GlobalSection(SolutionConfigurationPlatforms) = preSolution
		Debug|Any CPU = Debug|Any CPU
		Release|Any CPU = Release|Any CPU
	EndGlobalSection
	GlobalSection(ProjectConfigurationPlatforms) = postSolution
		{3B7B66F3-44E2-4459-8755-52671BBE6638}.Debug|Any CPU.ActiveCfg = Debug|Any CPU
		{3B7B66F3-44E2-4459-8755-52671BBE6638}.Debug|Any CPU.Build.0 = Debug|Any CPU
		{3B7B66F3-44E2-4459-8755-52671BBE6638}.Release|Any CPU.ActiveCfg = Release|Any CPU
		{3B7B66F3-44E2-4459-8755-52671BBE6638}.Release|Any CPU.Build.0 = Release|Any CPU
		{1D8013FE-B616-4CD8-954A-7FB2B3E2AC5F}.Debug|Any CPU.ActiveCfg = Debug|Any CPU
		{1D8013FE-B616-4CD8-954A-7FB2B3E2AC5F}.Debug|Any CPU.Build.0 = Debug|Any CPU
		{1D8013FE-B616-4CD8-954A-7FB2B3E2AC5F}.Release|Any CPU.ActiveCfg = Release|Any CPU
		{1D8013FE-B616-4CD8-954A-7FB2B3E2AC5F}.Release|Any CPU.Build.0 = Release|Any CPU
		{1D7B799E-BFEE-45B1-9F50-B6560967EAFC}.Debug|Any CPU.ActiveCfg = Debug|Any CPU
		{1D7B799E-BFEE-45B1-9F50-B6560967EAFC}.Debug|Any CPU.Build.0 = Debug|Any CPU
		{1D7B799E-BFEE-45B1-9F50-B6560967EAFC}.Release|Any CPU.ActiveCfg = Release|Any CPU
		{1D7B799E-BFEE-45B1-9F50-B6560967EAFC}.Release|Any CPU.Build.0 = Release|Any CPU
		{14D182F4-174D-4855-A475-85120CA9B8F8}.Debug|Any CPU.ActiveCfg = Debug|Any CPU
		{14D182F4-174D-4855-A475-85120CA9B8F8}.Debug|Any CPU.Build.0 = Debug|Any CPU
		{14D182F4-174D-4855-A475-85120CA9B8F8}.Release|Any CPU.ActiveCfg = Release|Any CPU
		{14D182F4-174D-4855-A475-85120CA9B8F8}.Release|Any CPU.Build.0 = Release|Any CPU
	EndGlobalSection
	GlobalSection(SolutionProperties) = preSolution
		HideSolutionNode = FALSE
	EndGlobalSection
	GlobalSection(ExtensibilityGlobals) = postSolution
		SolutionGuid = {A65742AD-4F1F-47A1-92B0-019C2A969B88}
	EndGlobalSection
EndGlobal
